
Microsoft Visual Studio Solution File, Format Version 12.00
# Visual Studio Version 17
VisualStudioVersion = 17.4.33205.214
MinimumVisualStudioVersion = 10.0.40219.1
Project("{FAE04EC0-301F-11D3-BF4B-00C04F79EFBC}") = "Zapocet_Abel", "Zapocet_Abel\Zapocet_Abel.csproj", "{00454603-EC53-4FC7-90E9-E9A30EC537E4}"
EndProject
Global
	GlobalSection(SolutionConfigurationPlatforms) = preSolution
		Debug|Any CPU = Debug|Any CPU
		Release|Any CPU = Release|Any CPU
	EndGlobalSection
	GlobalSection(ProjectConfigurationPlatforms) = postSolution
		{00454603-EC53-4FC7-90E9-E9A30EC537E4}.Debug|Any CPU.ActiveCfg = Debug|Any CPU
		{00454603-EC53-4FC7-90E9-E9A30EC537E4}.Debug|Any CPU.Build.0 = Debug|Any CPU
		{00454603-EC53-4FC7-90E9-E9A30EC537E4}.Release|Any CPU.ActiveCfg = Release|Any CPU
		{00454603-EC53-4FC7-90E9-E9A30EC537E4}.Release|Any CPU.Build.0 = Release|Any CPU
	EndGlobalSection
	GlobalSection(SolutionProperties) = preSolution
		HideSolutionNode = FALSE
	EndGlobalSection
	GlobalSection(ExtensibilityGlobals) = postSolution
		SolutionGuid = {B9F2DE2B-E4DD-4EC1-BA9D-849B563AF46D}
	EndGlobalSection
EndGlobal
